// !$*UTF8*$!
{
	archiveVersion = 1;
	classes = {
	};
	objectVersion = 56;
	objects = {

/* Begin PBXBuildFile section */
		40BB0C032A124A8F006A555B /* MyToDosApp.swift in Sources */ = {isa = PBXBuildFile; fileRef = 40BB0C022A124A8F006A555B /* MyToDosApp.swift */; };
		40BB0C052A124A8F006A555B /* ContentView.swift in Sources */ = {isa = PBXBuildFile; fileRef = 40BB0C042A124A8F006A555B /* ContentView.swift */; };
		40BB0C072A124A95006A555B /* Assets.xcassets in Resources */ = {isa = PBXBuildFile; fileRef = 40BB0C062A124A95006A555B /* Assets.xcassets */; };
		40BB0C0A2A124A95006A555B /* Preview Assets.xcassets in Resources */ = {isa = PBXBuildFile; fileRef = 40BB0C092A124A95006A555B /* Preview Assets.xcassets */; };
		40BB0C112A124C22006A555B /* ToDo.swift in Sources */ = {isa = PBXBuildFile; fileRef = 40BB0C102A124C22006A555B /* ToDo.swift */; };
		40BB0C152A13885C006A555B /* DataStore.swift in Sources */ = {isa = PBXBuildFile; fileRef = 40BB0C142A13885C006A555B /* DataStore.swift */; };
		40BB0C172A13A1C2006A555B /* ToDoFormViewModel.swift in Sources */ = {isa = PBXBuildFile; fileRef = 40BB0C162A13A1C1006A555B /* ToDoFormViewModel.swift */; };
		40BB0C1B2A1622DB006A555B /* ToDoFormView.swift in Sources */ = {isa = PBXBuildFile; fileRef = 40BB0C1A2A1622DB006A555B /* ToDoFormView.swift */; };
		40BB0C1D2A162887006A555B /* ModalType.swift in Sources */ = {isa = PBXBuildFile; fileRef = 40BB0C1C2A162887006A555B /* ModalType.swift */; };
/* End PBXBuildFile section */

/* Begin PBXFileReference section */
		40BB0BFF2A124A8F006A555B /* MyToDos.app */ = {isa = PBXFileReference; explicitFileType = wrapper.application; includeInIndex = 0; path = MyToDos.app; sourceTree = BUILT_PRODUCTS_DIR; };
		40BB0C022A124A8F006A555B /* MyToDosApp.swift */ = {isa = PBXFileReference; lastKnownFileType = sourcecode.swift; path = MyToDosApp.swift; sourceTree = "<group>"; };
		40BB0C042A124A8F006A555B /* ContentView.swift */ = {isa = PBXFileReference; lastKnownFileType = sourcecode.swift; path = ContentView.swift; sourceTree = "<group>"; };
		40BB0C062A124A95006A555B /* Assets.xcassets */ = {isa = PBXFileReference; lastKnownFileType = folder.assetcatalog; path = Assets.xcassets; sourceTree = "<group>"; };
		40BB0C092A124A95006A555B /* Preview Assets.xcassets */ = {isa = PBXFileReference; lastKnownFileType = folder.assetcatalog; path = "Preview Assets.xcassets"; sourceTree = "<group>"; };
		40BB0C102A124C22006A555B /* ToDo.swift */ = {isa = PBXFileReference; lastKnownFileType = sourcecode.swift; path = ToDo.swift; sourceTree = "<group>"; };
		40BB0C142A13885C006A555B /* DataStore.swift */ = {isa = PBXFileReference; lastKnownFileType = sourcecode.swift; path = DataStore.swift; sourceTree = "<group>"; };
		40BB0C162A13A1C1006A555B /* ToDoFormViewModel.swift */ = {isa = PBXFileReference; lastKnownFileType = sourcecode.swift; path = ToDoFormViewModel.swift; sourceTree = "<group>"; };
		40BB0C1A2A1622DB006A555B /* ToDoFormView.swift */ = {isa = PBXFileReference; lastKnownFileType = sourcecode.swift; path = ToDoFormView.swift; sourceTree = "<group>"; };
		40BB0C1C2A162887006A555B /* ModalType.swift */ = {isa = PBXFileReference; lastKnownFileType = sourcecode.swift; path = ModalType.swift; sourceTree = "<group>"; };
/* End PBXFileReference section */

/* Begin PBXFrameworksBuildPhase section */
		40BB0BFC2A124A8F006A555B /* Frameworks */ = {
			isa = PBXFrameworksBuildPhase;
			buildActionMask = 2147483647;
			files = (
			);
			runOnlyForDeploymentPostprocessing = 0;
		};
/* End PBXFrameworksBuildPhase section */

/* Begin PBXGroup section */
		40BB0BF62A124A8F006A555B = {
			isa = PBXGroup;
			children = (
				40BB0C012A124A8F006A555B /* MyToDos */,
				40BB0C002A124A8F006A555B /* Products */,
			);
			sourceTree = "<group>";
		};
		40BB0C002A124A8F006A555B /* Products */ = {
			isa = PBXGroup;
			children = (
				40BB0BFF2A124A8F006A555B /* MyToDos.app */,
			);
			name = Products;
			sourceTree = "<group>";
		};
		40BB0C012A124A8F006A555B /* MyToDos */ = {
			isa = PBXGroup;
			children = (
				40BB0C1E2A16310D006A555B /* Views */,
				40BB0C202A163116006A555B /* Models */,
				40BB0C1F2A163112006A555B /* ViewModels */,
				40BB0C022A124A8F006A555B /* MyToDosApp.swift */,
				40BB0C062A124A95006A555B /* Assets.xcassets */,
				40BB0C082A124A95006A555B /* Preview Content */,
			);
			path = MyToDos;
			sourceTree = "<group>";
		};
		40BB0C082A124A95006A555B /* Preview Content */ = {
			isa = PBXGroup;
			children = (
				40BB0C092A124A95006A555B /* Preview Assets.xcassets */,
			);
			path = "Preview Content";
			sourceTree = "<group>";
		};
		40BB0C1E2A16310D006A555B /* Views */ = {
			isa = PBXGroup;
			children = (
				40BB0C042A124A8F006A555B /* ContentView.swift */,
				40BB0C212A1634B3006A555B /* ToDoFormView */,
			);
			path = Views;
			sourceTree = "<group>";
		};
		40BB0C1F2A163112006A555B /* ViewModels */ = {
			isa = PBXGroup;
			children = (
				40BB0C142A13885C006A555B /* DataStore.swift */,
			);
			path = ViewModels;
			sourceTree = "<group>";
		};
		40BB0C202A163116006A555B /* Models */ = {
			isa = PBXGroup;
			children = (
				40BB0C102A124C22006A555B /* ToDo.swift */,
				40BB0C1C2A162887006A555B /* ModalType.swift */,
			);
			path = Models;
			sourceTree = "<group>";
		};
		40BB0C212A1634B3006A555B /* ToDoFormView */ = {
			isa = PBXGroup;
			children = (
				40BB0C1A2A1622DB006A555B /* ToDoFormView.swift */,
				40BB0C162A13A1C1006A555B /* ToDoFormViewModel.swift */,
			);
			path = ToDoFormView;
			sourceTree = "<group>";
		};
/* End PBXGroup section */

/* Begin PBXNativeTarget section */
		40BB0BFE2A124A8F006A555B /* MyToDos */ = {
			isa = PBXNativeTarget;
			buildConfigurationList = 40BB0C0D2A124A95006A555B /* Build configuration list for PBXNativeTarget "MyToDos" */;
			buildPhases = (
				40BB0BFB2A124A8F006A555B /* Sources */,
				40BB0BFC2A124A8F006A555B /* Frameworks */,
				40BB0BFD2A124A8F006A555B /* Resources */,
			);
			buildRules = (
			);
			dependencies = (
			);
			name = MyToDos;
			productName = MyToDos;
			productReference = 40BB0BFF2A124A8F006A555B /* MyToDos.app */;
			productType = "com.apple.product-type.application";
		};
/* End PBXNativeTarget section */

/* Begin PBXProject section */
		40BB0BF72A124A8F006A555B /* Project object */ = {
			isa = PBXProject;
			attributes = {
				BuildIndependentTargetsInParallel = 1;
				LastSwiftUpdateCheck = 1400;
				LastUpgradeCheck = 1400;
				TargetAttributes = {
					40BB0BFE2A124A8F006A555B = {
						CreatedOnToolsVersion = 14.0.1;
					};
				};
			};
			buildConfigurationList = 40BB0BFA2A124A8F006A555B /* Build configuration list for PBXProject "MyToDos" */;
			compatibilityVersion = "Xcode 14.0";
			developmentRegion = en;
			hasScannedForEncodings = 0;
			knownRegions = (
				en,
				Base,
			);
			mainGroup = 40BB0BF62A124A8F006A555B;
			productRefGroup = 40BB0C002A124A8F006A555B /* Products */;
			projectDirPath = "";
			projectRoot = "";
			targets = (
				40BB0BFE2A124A8F006A555B /* MyToDos */,
			);
		};
/* End PBXProject section */

/* Begin PBXResourcesBuildPhase section */
		40BB0BFD2A124A8F006A555B /* Resources */ = {
			isa = PBXResourcesBuildPhase;
			buildActionMask = 2147483647;
			files = (
				40BB0C0A2A124A95006A555B /* Preview Assets.xcassets in Resources */,
				40BB0C072A124A95006A555B /* Assets.xcassets in Resources */,
			);
			runOnlyForDeploymentPostprocessing = 0;
		};
/* End PBXResourcesBuildPhase section */

/* Begin PBXSourcesBuildPhase section */
		40BB0BFB2A124A8F006A555B /* Sources */ = {
			isa = PBXSourcesBuildPhase;
			buildActionMask = 2147483647;
			files = (
				40BB0C1B2A1622DB006A555B /* ToDoFormView.swift in Sources */,
				40BB0C1D2A162887006A555B /* ModalType.swift in Sources */,
				40BB0C112A124C22006A555B /* ToDo.swift in Sources */,
				40BB0C152A13885C006A555B /* DataStore.swift in Sources */,
				40BB0C052A124A8F006A555B /* ContentView.swift in Sources */,
				40BB0C032A124A8F006A555B /* MyToDosApp.swift in Sources */,
				40BB0C172A13A1C2006A555B /* ToDoFormViewModel.swift in Sources */,
			);
			runOnlyForDeploymentPostprocessing = 0;
		};
/* End PBXSourcesBuildPhase section */

/* Begin XCBuildConfiguration section */
		40BB0C0B2A124A95006A555B /* Debug */ = {
			isa = XCBuildConfiguration;
			buildSettings = {
				ALWAYS_SEARCH_USER_PATHS = NO;
				CLANG_ANALYZER_NONNULL = YES;
				CLANG_ANALYZER_NUMBER_OBJECT_CONVERSION = YES_AGGRESSIVE;
				CLANG_CXX_LANGUAGE_STANDARD = "gnu++20";
				CLANG_ENABLE_MODULES = YES;
				CLANG_ENABLE_OBJC_ARC = YES;
				CLANG_ENABLE_OBJC_WEAK = YES;
				CLANG_WARN_BLOCK_CAPTURE_AUTORELEASING = YES;
				CLANG_WARN_BOOL_CONVERSION = YES;
				CLANG_WARN_COMMA = YES;
				CLANG_WARN_CONSTANT_CONVERSION = YES;
				CLANG_WARN_DEPRECATED_OBJC_IMPLEMENTATIONS = YES;
				CLANG_WARN_DIRECT_OBJC_ISA_USAGE = YES_ERROR;
				CLANG_WARN_DOCUMENTATION_COMMENTS = YES;
				CLANG_WARN_EMPTY_BODY = YES;
				CLANG_WARN_ENUM_CONVERSION = YES;
				CLANG_WARN_INFINITE_RECURSION = YES;
				CLANG_WARN_INT_CONVERSION = YES;
				CLANG_WARN_NON_LITERAL_NULL_CONVERSION = YES;
				CLANG_WARN_OBJC_IMPLICIT_RETAIN_SELF = YES;
				CLANG_WARN_OBJC_LITERAL_CONVERSION = YES;
				CLANG_WARN_OBJC_ROOT_CLASS = YES_ERROR;
				CLANG_WARN_QUOTED_INCLUDE_IN_FRAMEWORK_HEADER = YES;
				CLANG_WARN_RANGE_LOOP_ANALYSIS = YES;
				CLANG_WARN_STRICT_PROTOTYPES = YES;
				CLANG_WARN_SUSPICIOUS_MOVE = YES;
				CLANG_WARN_UNGUARDED_AVAILABILITY = YES_AGGRESSIVE;
				CLANG_WARN_UNREACHABLE_CODE = YES;
				CLANG_WARN__DUPLICATE_METHOD_MATCH = YES;
				COPY_PHASE_STRIP = NO;
				DEBUG_INFORMATION_FORMAT = dwarf;
				ENABLE_STRICT_OBJC_MSGSEND = YES;
				ENABLE_TESTABILITY = YES;
				GCC_C_LANGUAGE_STANDARD = gnu11;
				GCC_DYNAMIC_NO_PIC = NO;
				GCC_NO_COMMON_BLOCKS = YES;
				GCC_OPTIMIZATION_LEVEL = 0;
				GCC_PREPROCESSOR_DEFINITIONS = (
					"DEBUG=1",
					"$(inherited)",
				);
				GCC_WARN_64_TO_32_BIT_CONVERSION = YES;
				GCC_WARN_ABOUT_RETURN_TYPE = YES_ERROR;
				GCC_WARN_UNDECLARED_SELECTOR = YES;
				GCC_WARN_UNINITIALIZED_AUTOS = YES_AGGRESSIVE;
				GCC_WARN_UNUSED_FUNCTION = YES;
				GCC_WARN_UNUSED_VARIABLE = YES;
				IPHONEOS_DEPLOYMENT_TARGET = 16.0;
				MTL_ENABLE_DEBUG_INFO = INCLUDE_SOURCE;
				MTL_FAST_MATH = YES;
				ONLY_ACTIVE_ARCH = YES;
				SDKROOT = iphoneos;
				SWIFT_ACTIVE_COMPILATION_CONDITIONS = DEBUG;
				SWIFT_OPTIMIZATION_LEVEL = "-Onone";
			};
			name = Debug;
		};
		40BB0C0C2A124A95006A555B /* Release */ = {
			isa = XCBuildConfiguration;
			buildSettings = {
				ALWAYS_SEARCH_USER_PATHS = NO;
				CLANG_ANALYZER_NONNULL = YES;
				CLANG_ANALYZER_NUMBER_OBJECT_CONVERSION = YES_AGGRESSIVE;
				CLANG_CXX_LANGUAGE_STANDARD = "gnu++20";
				CLANG_ENABLE_MODULES = YES;
				CLANG_ENABLE_OBJC_ARC = YES;
				CLANG_ENABLE_OBJC_WEAK = YES;
				CLANG_WARN_BLOCK_CAPTURE_AUTORELEASING = YES;
				CLANG_WARN_BOOL_CONVERSION = YES;
				CLANG_WARN_COMMA = YES;
				CLANG_WARN_CONSTANT_CONVERSION = YES;
				CLANG_WARN_DEPRECATED_OBJC_IMPLEMENTATIONS = YES;
				CLANG_WARN_DIRECT_OBJC_ISA_USAGE = YES_ERROR;
				CLANG_WARN_DOCUMENTATION_COMMENTS = YES;
				CLANG_WARN_EMPTY_BODY = YES;
				CLANG_WARN_ENUM_CONVERSION = YES;
				CLANG_WARN_INFINITE_RECURSION = YES;
				CLANG_WARN_INT_CONVERSION = YES;
				CLANG_WARN_NON_LITERAL_NULL_CONVERSION = YES;
				CLANG_WARN_OBJC_IMPLICIT_RETAIN_SELF = YES;
				CLANG_WARN_OBJC_LITERAL_CONVERSION = YES;
				CLANG_WARN_OBJC_ROOT_CLASS = YES_ERROR;
				CLANG_WARN_QUOTED_INCLUDE_IN_FRAMEWORK_HEADER = YES;
				CLANG_WARN_RANGE_LOOP_ANALYSIS = YES;
				CLANG_WARN_STRICT_PROTOTYPES = YES;
				CLANG_WARN_SUSPICIOUS_MOVE = YES;
				CLANG_WARN_UNGUARDED_AVAILABILITY = YES_AGGRESSIVE;
				CLANG_WARN_UNREACHABLE_CODE = YES;
				CLANG_WARN__DUPLICATE_METHOD_MATCH = YES;
				COPY_PHASE_STRIP = NO;
				DEBUG_INFORMATION_FORMAT = "dwarf-with-dsym";
				ENABLE_NS_ASSERTIONS = NO;
				ENABLE_STRICT_OBJC_MSGSEND = YES;
				GCC_C_LANGUAGE_STANDARD = gnu11;
				GCC_NO_COMMON_BLOCKS = YES;
				GCC_WARN_64_TO_32_BIT_CONVERSION = YES;
				GCC_WARN_ABOUT_RETURN_TYPE = YES_ERROR;
				GCC_WARN_UNDECLARED_SELECTOR = YES;
				GCC_WARN_UNINITIALIZED_AUTOS = YES_AGGRESSIVE;
				GCC_WARN_UNUSED_FUNCTION = YES;
				GCC_WARN_UNUSED_VARIABLE = YES;
				IPHONEOS_DEPLOYMENT_TARGET = 16.0;
				MTL_ENABLE_DEBUG_INFO = NO;
				MTL_FAST_MATH = YES;
				SDKROOT = iphoneos;
				SWIFT_COMPILATION_MODE = wholemodule;
				SWIFT_OPTIMIZATION_LEVEL = "-O";
				VALIDATE_PRODUCT = YES;
			};
			name = Release;
		};
		40BB0C0E2A124A95006A555B /* Debug */ = {
			isa = XCBuildConfiguration;
			buildSettings = {
				ASSETCATALOG_COMPILER_APPICON_NAME = AppIcon;
				ASSETCATALOG_COMPILER_GLOBAL_ACCENT_COLOR_NAME = AccentColor;
				CODE_SIGN_STYLE = Automatic;
				CURRENT_PROJECT_VERSION = 1;
				DEVELOPMENT_ASSET_PATHS = "\"MyToDos/Preview Content\"";
				DEVELOPMENT_TEAM = M9MT23QW7V;
				ENABLE_PREVIEWS = YES;
				GENERATE_INFOPLIST_FILE = YES;
				INFOPLIST_KEY_UIApplicationSceneManifest_Generation = YES;
				INFOPLIST_KEY_UIApplicationSupportsIndirectInputEvents = YES;
				INFOPLIST_KEY_UILaunchScreen_Generation = YES;
				INFOPLIST_KEY_UISupportedInterfaceOrientations_iPad = "UIInterfaceOrientationPortrait UIInterfaceOrientationPortraitUpsideDown UIInterfaceOrientationLandscapeLeft UIInterfaceOrientationLandscapeRight";
				INFOPLIST_KEY_UISupportedInterfaceOrientations_iPhone = "UIInterfaceOrientationPortrait UIInterfaceOrientationLandscapeLeft UIInterfaceOrientationLandscapeRight";
				LD_RUNPATH_SEARCH_PATHS = (
					"$(inherited)",
					"@executable_path/Frameworks",
				);
				MARKETING_VERSION = 1.0;
				PRODUCT_BUNDLE_IDENTIFIER = noahpope.MyToDos;
				PRODUCT_NAME = "$(TARGET_NAME)";
				SWIFT_EMIT_LOC_STRINGS = YES;
				SWIFT_VERSION = 5.0;
				TARGETED_DEVICE_FAMILY = "1,2";
			};
			name = Debug;
		};
		40BB0C0F2A124A95006A555B /* Release */ = {
			isa = XCBuildConfiguration;
			buildSettings = {
				ASSETCATALOG_COMPILER_APPICON_NAME = AppIcon;
				ASSETCATALOG_COMPILER_GLOBAL_ACCENT_COLOR_NAME = AccentColor;
				CODE_SIGN_STYLE = Automatic;
				CURRENT_PROJECT_VERSION = 1;
				DEVELOPMENT_ASSET_PATHS = "\"MyToDos/Preview Content\"";
				DEVELOPMENT_TEAM = M9MT23QW7V;
				ENABLE_PREVIEWS = YES;
				GENERATE_INFOPLIST_FILE = YES;
				INFOPLIST_KEY_UIApplicationSceneManifest_Generation = YES;
				INFOPLIST_KEY_UIApplicationSupportsIndirectInputEvents = YES;
				INFOPLIST_KEY_UILaunchScreen_Generation = YES;
				INFOPLIST_KEY_UISupportedInterfaceOrientations_iPad = "UIInterfaceOrientationPortrait UIInterfaceOrientationPortraitUpsideDown UIInterfaceOrientationLandscapeLeft UIInterfaceOrientationLandscapeRight";
				INFOPLIST_KEY_UISupportedInterfaceOrientations_iPhone = "UIInterfaceOrientationPortrait UIInterfaceOrientationLandscapeLeft UIInterfaceOrientationLandscapeRight";
				LD_RUNPATH_SEARCH_PATHS = (
					"$(inherited)",
					"@executable_path/Frameworks",
				);
				MARKETING_VERSION = 1.0;
				PRODUCT_BUNDLE_IDENTIFIER = noahpope.MyToDos;
				PRODUCT_NAME = "$(TARGET_NAME)";
				SWIFT_EMIT_LOC_STRINGS = YES;
				SWIFT_VERSION = 5.0;
				TARGETED_DEVICE_FAMILY = "1,2";
			};
			name = Release;
		};
/* End XCBuildConfiguration section */

/* Begin XCConfigurationList section */
		40BB0BFA2A124A8F006A555B /* Build configuration list for PBXProject "MyToDos" */ = {
			isa = XCConfigurationList;
			buildConfigurations = (
				40BB0C0B2A124A95006A555B /* Debug */,
				40BB0C0C2A124A95006A555B /* Release */,
			);
			defaultConfigurationIsVisible = 0;
			defaultConfigurationName = Release;
		};
		40BB0C0D2A124A95006A555B /* Build configuration list for PBXNativeTarget "MyToDos" */ = {
			isa = XCConfigurationList;
			buildConfigurations = (
				40BB0C0E2A124A95006A555B /* Debug */,
				40BB0C0F2A124A95006A555B /* Release */,
			);
			defaultConfigurationIsVisible = 0;
			defaultConfigurationName = Release;
		};
/* End XCConfigurationList section */
	};
	rootObject = 40BB0BF72A124A8F006A555B /* Project object */;
}
